
Microsoft Visual Studio Solution File, Format Version 12.00
# Visual Studio Version 16
VisualStudioVersion = 16.0.30503.244
MinimumVisualStudioVersion = 10.0.40219.1
Project("{FAE04EC0-301F-11D3-BF4B-00C04F79EFBC}") = "SharedSizeGroupExample", "SharedSizeGroupExample.csproj", "{A93C603C-29DC-478E-953F-10D4C5706962}"
EndProject
Global
	GlobalSection(SolutionConfigurationPlatforms) = preSolution
		Debug|Any CPU = Debug|Any CPU
		Release|Any CPU = Release|Any CPU
	EndGlobalSection
	GlobalSection(ProjectConfigurationPlatforms) = postSolution
		{A93C603C-29DC-478E-953F-10D4C5706962}.Debug|Any CPU.ActiveCfg = Debug|Any CPU
		{A93C603C-29DC-478E-953F-10D4C5706962}.Debug|Any CPU.Build.0 = Debug|Any CPU
		{A93C603C-29DC-478E-953F-10D4C5706962}.Release|Any CPU.ActiveCfg = Release|Any CPU
		{A93C603C-29DC-478E-953F-10D4C5706962}.Release|Any CPU.Build.0 = Release|Any CPU
	EndGlobalSection
	GlobalSection(SolutionProperties) = preSolution
		HideSolutionNode = FALSE
	EndGlobalSection
	GlobalSection(ExtensibilityGlobals) = postSolution
		SolutionGuid = {D888CA75-CE00-4A96-BE21-5338019675C9}
	EndGlobalSection
EndGlobal
